
Microsoft Visual Studio Solution File, Format Version 12.00
# Visual Studio Version 16
VisualStudioVersion = 16.0.30011.22
MinimumVisualStudioVersion = 10.0.40219.1
Project("{FAE04EC0-301F-11D3-BF4B-00C04F79EFBC}") = "Lab25 Shopping Cart", "Lab25 Shopping Cart\Lab25 Shopping Cart.csproj", "{B2F5C751-90F1-4CC6-B0C0-7A4810D3ECB9}"
EndProject
Global
	GlobalSection(SolutionConfigurationPlatforms) = preSolution
		Debug|Any CPU = Debug|Any CPU
		Release|Any CPU = Release|Any CPU
	EndGlobalSection
	GlobalSection(ProjectConfigurationPlatforms) = postSolution
		{B2F5C751-90F1-4CC6-B0C0-7A4810D3ECB9}.Debug|Any CPU.ActiveCfg = Debug|Any CPU
		{B2F5C751-90F1-4CC6-B0C0-7A4810D3ECB9}.Debug|Any CPU.Build.0 = Debug|Any CPU
		{B2F5C751-90F1-4CC6-B0C0-7A4810D3ECB9}.Release|Any CPU.ActiveCfg = Release|Any CPU
		{B2F5C751-90F1-4CC6-B0C0-7A4810D3ECB9}.Release|Any CPU.Build.0 = Release|Any CPU
	EndGlobalSection
	GlobalSection(SolutionProperties) = preSolution
		HideSolutionNode = FALSE
	EndGlobalSection
	GlobalSection(ExtensibilityGlobals) = postSolution
		SolutionGuid = {F12A59AB-6264-414E-BE4B-F884CCD39CE9}
	EndGlobalSection
EndGlobal
